
Microsoft Visual Studio Solution File, Format Version 12.00
# Visual Studio Version 16
VisualStudioVersion = 16.0.32929.386
MinimumVisualStudioVersion = 10.0.40219.1
Project("{FAE04EC0-301F-11D3-BF4B-00C04F79EFBC}") = "RUAP_LV4Juraj", "RUAP_LV4Juraj\RUAP_LV4Juraj.csproj", "{0457847A-CFB5-404E-9284-64B623701A00}"
EndProject
Global
	GlobalSection(SolutionConfigurationPlatforms) = preSolution
		Debug|Any CPU = Debug|Any CPU
		Release|Any CPU = Release|Any CPU
	EndGlobalSection
	GlobalSection(ProjectConfigurationPlatforms) = postSolution
		{0457847A-CFB5-404E-9284-64B623701A00}.Debug|Any CPU.ActiveCfg = Debug|Any CPU
		{0457847A-CFB5-404E-9284-64B623701A00}.Debug|Any CPU.Build.0 = Debug|Any CPU
		{0457847A-CFB5-404E-9284-64B623701A00}.Release|Any CPU.ActiveCfg = Release|Any CPU
		{0457847A-CFB5-404E-9284-64B623701A00}.Release|Any CPU.Build.0 = Release|Any CPU
	EndGlobalSection
	GlobalSection(SolutionProperties) = preSolution
		HideSolutionNode = FALSE
	EndGlobalSection
	GlobalSection(ExtensibilityGlobals) = postSolution
		SolutionGuid = {DF953254-09E8-43EC-8D33-A5AFD2AA0180}
	EndGlobalSection
EndGlobal
